
Microsoft Visual Studio Solution File, Format Version 11.00
# Visual Studio 2010
Project("{FAE04EC0-301F-11D3-BF4B-00C04F79EFBC}") = "ErlangParserLib", "ErlangParser\ErlangParserLib.csproj", "{16D10D21-D05C-4240-A41C-D480EB6AC0AB}"
EndProject
Project("{FAE04EC0-301F-11D3-BF4B-00C04F79EFBC}") = "ErlangParserTools", "ErlangParserTools\ErlangParserTools.csproj", "{8B65B7AF-EF47-4AA0-A04F-896C9606C189}"
EndProject
Global
	GlobalSection(SubversionScc) = preSolution
		Svn-Managed = True
		Manager = AnkhSVN - Subversion Support for Visual Studio
	EndGlobalSection
	GlobalSection(SolutionConfigurationPlatforms) = preSolution
		Debug|Any CPU = Debug|Any CPU
		Debug|Mixed Platforms = Debug|Mixed Platforms
		Debug|x86 = Debug|x86
		Release|Any CPU = Release|Any CPU
		Release|Mixed Platforms = Release|Mixed Platforms
		Release|x86 = Release|x86
	EndGlobalSection
	GlobalSection(ProjectConfigurationPlatforms) = postSolution
		{16D10D21-D05C-4240-A41C-D480EB6AC0AB}.Debug|Any CPU.ActiveCfg = Debug|Any CPU
		{16D10D21-D05C-4240-A41C-D480EB6AC0AB}.Debug|Any CPU.Build.0 = Debug|Any CPU
		{16D10D21-D05C-4240-A41C-D480EB6AC0AB}.Debug|Mixed Platforms.ActiveCfg = Debug|Any CPU
		{16D10D21-D05C-4240-A41C-D480EB6AC0AB}.Debug|Mixed Platforms.Build.0 = Debug|Any CPU
		{16D10D21-D05C-4240-A41C-D480EB6AC0AB}.Debug|x86.ActiveCfg = Debug|Any CPU
		{16D10D21-D05C-4240-A41C-D480EB6AC0AB}.Release|Any CPU.ActiveCfg = Release|Any CPU
		{16D10D21-D05C-4240-A41C-D480EB6AC0AB}.Release|Any CPU.Build.0 = Release|Any CPU
		{16D10D21-D05C-4240-A41C-D480EB6AC0AB}.Release|Mixed Platforms.ActiveCfg = Release|Any CPU
		{16D10D21-D05C-4240-A41C-D480EB6AC0AB}.Release|Mixed Platforms.Build.0 = Release|Any CPU
		{16D10D21-D05C-4240-A41C-D480EB6AC0AB}.Release|x86.ActiveCfg = Release|Any CPU
		{8B65B7AF-EF47-4AA0-A04F-896C9606C189}.Debug|Any CPU.ActiveCfg = Debug|x86
		{8B65B7AF-EF47-4AA0-A04F-896C9606C189}.Debug|Mixed Platforms.ActiveCfg = Debug|x86
		{8B65B7AF-EF47-4AA0-A04F-896C9606C189}.Debug|Mixed Platforms.Build.0 = Debug|x86
		{8B65B7AF-EF47-4AA0-A04F-896C9606C189}.Debug|x86.ActiveCfg = Debug|x86
		{8B65B7AF-EF47-4AA0-A04F-896C9606C189}.Debug|x86.Build.0 = Debug|x86
		{8B65B7AF-EF47-4AA0-A04F-896C9606C189}.Release|Any CPU.ActiveCfg = Release|x86
		{8B65B7AF-EF47-4AA0-A04F-896C9606C189}.Release|Mixed Platforms.ActiveCfg = Release|x86
		{8B65B7AF-EF47-4AA0-A04F-896C9606C189}.Release|Mixed Platforms.Build.0 = Release|x86
		{8B65B7AF-EF47-4AA0-A04F-896C9606C189}.Release|x86.ActiveCfg = Release|x86
		{8B65B7AF-EF47-4AA0-A04F-896C9606C189}.Release|x86.Build.0 = Release|x86
	EndGlobalSection
	GlobalSection(SolutionProperties) = preSolution
		HideSolutionNode = FALSE
	EndGlobalSection
EndGlobal
